
Microsoft Visual Studio Solution File, Format Version 12.00
# Visual Studio 14
VisualStudioVersion = 14.0.25420.1
MinimumVisualStudioVersion = 10.0.40219.1
Project("{FAE04EC0-301F-11D3-BF4B-00C04F79EFBC}") = "HDapper", "HDapper\HDapper.csproj", "{DC229CBF-83DE-499D-827B-AE79D40C7B56}"
EndProject
Project("{FAE04EC0-301F-11D3-BF4B-00C04F79EFBC}") = "HDapper.Test", "HDapper.Test\HDapper.Test.csproj", "{AD876ED5-3C9E-4294-9A1F-516560164EFB}"
EndProject
Global
	GlobalSection(SolutionConfigurationPlatforms) = preSolution
		Debug|Any CPU = Debug|Any CPU
		Release|Any CPU = Release|Any CPU
	EndGlobalSection
	GlobalSection(ProjectConfigurationPlatforms) = postSolution
		{DC229CBF-83DE-499D-827B-AE79D40C7B56}.Debug|Any CPU.ActiveCfg = Debug|Any CPU
		{DC229CBF-83DE-499D-827B-AE79D40C7B56}.Debug|Any CPU.Build.0 = Debug|Any CPU
		{DC229CBF-83DE-499D-827B-AE79D40C7B56}.Release|Any CPU.ActiveCfg = Release|Any CPU
		{DC229CBF-83DE-499D-827B-AE79D40C7B56}.Release|Any CPU.Build.0 = Release|Any CPU
		{AD876ED5-3C9E-4294-9A1F-516560164EFB}.Debug|Any CPU.ActiveCfg = Debug|Any CPU
		{AD876ED5-3C9E-4294-9A1F-516560164EFB}.Debug|Any CPU.Build.0 = Debug|Any CPU
		{AD876ED5-3C9E-4294-9A1F-516560164EFB}.Release|Any CPU.ActiveCfg = Release|Any CPU
		{AD876ED5-3C9E-4294-9A1F-516560164EFB}.Release|Any CPU.Build.0 = Release|Any CPU
	EndGlobalSection
	GlobalSection(SolutionProperties) = preSolution
		HideSolutionNode = FALSE
	EndGlobalSection
EndGlobal
